PODS:
  - URBNAlert (2.3):
    - URBNConvenience (> 0.8.2)
  - URBNConvenience (1.1.1)

DEPENDENCIES:
  - URBNAlert (from `~/Documents/URBNAlert`)
  - URBNConvenience (from `git@github.com:urbn/URBNConvenience.git`, branch `swift3.0`)

EXTERNAL SOURCES:
  URBNAlert:
    :branch: URBNAlert_Swifty
    :path: ~/Documents/URBNAlert
  URBNConvenience:
    :branch: swift3.0
    :git: git@github.com:urbn/URBNConvenience.git

CHECKOUT OPTIONS:
  URBNConvenience:
    :commit: 571951c8178bd05f8479054dd7533277e19bf35f
    :git: git@github.com:urbn/URBNConvenience.git

SPEC CHECKSUMS:
  URBNAlert: 1b8fa49329c4d3c5453056524f6957f19d37101a
  URBNConvenience: cf6ce61b574d3bf2df8c8d5dd3984b4163643cfd

PODFILE CHECKSUM: 88a5ee9ba848c73ec5166312b073833573ac2993

COCOAPODS: 1.1.0.rc.3
